#MicroXplorer Configuration settings - do not modify
ADC1.Channel-1\#ChannelRegularConversion=ADC_CHANNEL_15
ADC1.IPParameters=Rank-1\#ChannelRegularConversion,master,Channel-1\#ChannelRegularConversion,SamplingTime-1\#ChannelRegularConversion,NbrOfConversionFlag
ADC1.NbrOfConversionFlag=1
ADC1.Rank-1\#ChannelRegularConversion=1
ADC1.SamplingTime-1\#ChannelRegularConversion=ADC_SAMPLETIME_3CYCLES
ADC1.master=1
File.Version=6
KeepUserPlacement=false
Mcu.Family=STM32F4
Mcu.IP0=ADC1
Mcu.IP1=DCMI
Mcu.IP10=TIM9
Mcu.IP11=TIM10
Mcu.IP12=USART1
Mcu.IP2=I2C1
Mcu.IP3=I2C2
Mcu.IP4=NVIC
Mcu.IP5=RCC
Mcu.IP6=SPI2
Mcu.IP7=SYS
Mcu.IP8=TIM1
Mcu.IP9=TIM2
Mcu.IPNb=13
Mcu.Name=STM32F469IITx
Mcu.Package=LQFP176
Mcu.Pin0=PE4
Mcu.Pin1=PE5
Mcu.Pin10=PF4
Mcu.Pin11=PF5
Mcu.Pin12=PF6
Mcu.Pin13=PF7
Mcu.Pin14=PF8
Mcu.Pin15=PF9
Mcu.Pin16=PF10
Mcu.Pin17=PH0/OSC_IN
Mcu.Pin18=PH1/OSC_OUT
Mcu.Pin19=PC0
Mcu.Pin2=PE6
Mcu.Pin20=PC1
Mcu.Pin21=PC2
Mcu.Pin22=PC3
Mcu.Pin23=PA0/WKUP
Mcu.Pin24=PA1
Mcu.Pin25=PA2
Mcu.Pin26=PH2
Mcu.Pin27=PH3
Mcu.Pin28=PH4
Mcu.Pin29=PH5
Mcu.Pin3=PI8
Mcu.Pin30=PA3
Mcu.Pin31=PA4
Mcu.Pin32=PA5
Mcu.Pin33=PA6
Mcu.Pin34=PA7
Mcu.Pin35=PC4
Mcu.Pin36=PC5
Mcu.Pin37=PB0
Mcu.Pin38=PB1
Mcu.Pin39=PB2/BOOT1
Mcu.Pin4=PC14/OSC32_IN
Mcu.Pin40=PF11
Mcu.Pin41=PF12
Mcu.Pin42=PF13
Mcu.Pin43=PF14
Mcu.Pin44=PF15
Mcu.Pin45=PG0
Mcu.Pin46=PG1
Mcu.Pin47=PE7
Mcu.Pin48=PE8
Mcu.Pin49=PE9
Mcu.Pin5=PC15/OSC32_OUT
Mcu.Pin50=PE11
Mcu.Pin51=PE13
Mcu.Pin52=PE14
Mcu.Pin53=PB10
Mcu.Pin54=PB11
Mcu.Pin55=PH6
Mcu.Pin56=PH7
Mcu.Pin57=PB13
Mcu.Pin58=PB14
Mcu.Pin59=PB15
Mcu.Pin6=PF0
Mcu.Pin60=PD8
Mcu.Pin61=PD9
Mcu.Pin62=PD10
Mcu.Pin63=PD11
Mcu.Pin64=PG2
Mcu.Pin65=PG3
Mcu.Pin66=PG4
Mcu.Pin67=PG5
Mcu.Pin68=PG6
Mcu.Pin69=PC6
Mcu.Pin7=PF1
Mcu.Pin70=PC7
Mcu.Pin71=PC8
Mcu.Pin72=PC9
Mcu.Pin73=PA9
Mcu.Pin74=PA10
Mcu.Pin75=PA13
Mcu.Pin76=PI0
Mcu.Pin77=PI1
Mcu.Pin78=PI3
Mcu.Pin79=PA14
Mcu.Pin8=PF2
Mcu.Pin80=PA15
Mcu.Pin81=PD3
Mcu.Pin82=PG9
Mcu.Pin83=PG10
Mcu.Pin84=PG11
Mcu.Pin85=PG12
Mcu.Pin86=PG13
Mcu.Pin87=PG14
Mcu.Pin88=PB3
Mcu.Pin89=PB4
Mcu.Pin9=PF3
Mcu.Pin90=PB6
Mcu.Pin91=PB7
Mcu.Pin92=PB8
Mcu.Pin93=PB9
Mcu.Pin94=PI4
Mcu.Pin95=PI5
Mcu.Pin96=PI6
Mcu.Pin97=PI7
Mcu.Pin98=VP_SYS_VS_Systick
Mcu.Pin99=VP_TIM10_VS_ClockSourceINT
Mcu.PinsNb=100
Mcu.ThirdPartyNb=0
Mcu.UserConstants=
Mcu.UserName=STM32F469IITx
MxCube.Version=5.4.0
MxDb.Version=DB.5.0.40
NVIC.BusFault_IRQn=true\:0\:0\:false\:false\:true\:false\:false
NVIC.DebugMonitor_IRQn=true\:0\:0\:false\:false\:true\:false\:false
NVIC.ForceEnableDMAVector=true
NVIC.HardFault_IRQn=true\:0\:0\:false\:false\:true\:false\:false
NVIC.MemoryManagement_IRQn=true\:0\:0\:false\:false\:true\:false\:false
NVIC.NonMaskableInt_IRQn=true\:0\:0\:false\:false\:true\:false\:false
NVIC.PendSV_IRQn=true\:0\:0\:false\:false\:true\:false\:false
NVIC.PriorityGroup=NVIC_PRIORITYGROUP_4
NVIC.SVCall_IRQn=true\:0\:0\:false\:false\:true\:false\:false
NVIC.SysTick_IRQn=true\:0\:0\:false\:false\:true\:false\:true
NVIC.UsageFault_IRQn=true\:0\:0\:false\:false\:true\:false\:false
PA0/WKUP.Signal=ADCx_IN0
PA1.Signal=S_TIM2_CH2
PA10.Mode=Asynchronous
PA10.Signal=USART1_RX
PA13.Mode=JTAG_5_pins
PA13.Signal=SYS_JTMS-SWDIO
PA14.Mode=JTAG_5_pins
PA14.Signal=SYS_JTCK-SWCLK
PA15.Mode=JTAG_5_pins
PA15.Signal=SYS_JTDI
PA2.Signal=ADCx_IN2
PA3.Signal=ADCx_IN3
PA4.Mode=Slave_8_bits_External_Synchro
PA4.Signal=DCMI_HSYNC
PA5.Signal=S_TIM2_CH1_ETR
PA6.Mode=Slave_8_bits_External_Synchro
PA6.Signal=DCMI_PIXCLK
PA7.Signal=ADCx_IN7
PA9.Mode=Asynchronous
PA9.Signal=USART1_TX
PB0.Signal=ADCx_IN8
PB1.Signal=ADCx_IN9
PB10.Signal=S_TIM2_CH3
PB11.Signal=S_TIM2_CH4
PB13.Mode=Full_Duplex_Master
PB13.Signal=SPI2_SCK
PB14.Mode=Full_Duplex_Master
PB14.Signal=SPI2_MISO
PB15.Mode=Full_Duplex_Master
PB15.Signal=SPI2_MOSI
PB2/BOOT1.GPIOParameters=GPIO_Label
PB2/BOOT1.GPIO_Label=Motor2_IMODE
PB2/BOOT1.Locked=true
PB2/BOOT1.Signal=GPIO_Output
PB3.Mode=JTAG_5_pins
PB3.Signal=SYS_JTDO-SWO
PB4.Mode=JTAG_5_pins
PB4.Signal=SYS_JTRST
PB6.Mode=I2C
PB6.Signal=I2C1_SCL
PB7.Mode=I2C
PB7.Signal=I2C1_SDA
PB8.Mode=Slave_8_bits_External_Synchro
PB8.Signal=DCMI_D6
PB9.Mode=Slave_8_bits_External_Synchro
PB9.Signal=DCMI_D7
PC0.Locked=true
PC0.Signal=ADCx_IN10
PC1.Locked=true
PC1.Signal=ADCx_IN11
PC14/OSC32_IN.Mode=LSE-External-Oscillator
PC14/OSC32_IN.Signal=RCC_OSC32_IN
PC15/OSC32_OUT.Mode=LSE-External-Oscillator
PC15/OSC32_OUT.Signal=RCC_OSC32_OUT
PC2.Locked=true
PC2.Signal=ADCx_IN12
PC3.Locked=true
PC3.Signal=ADCx_IN13
PC4.Signal=ADCx_IN14
PC5.Signal=ADCx_IN15
PC6.Mode=Slave_8_bits_External_Synchro
PC6.Signal=DCMI_D0
PC7.Mode=Slave_8_bits_External_Synchro
PC7.Signal=DCMI_D1
PC8.Mode=Slave_8_bits_External_Synchro
PC8.Signal=DCMI_D2
PC9.Mode=Slave_8_bits_External_Synchro
PC9.Signal=DCMI_D3
PCC.Checker=false
PCC.Line=STM32F469/479
PCC.MCU=STM32F469IITx
PCC.PartNumber=STM32F469IITx
PCC.Seq0=0
PCC.Series=STM32F4
PCC.Temperature=25
PCC.Vdd=3.3
PD10.GPIOParameters=GPIO_Label
PD10.GPIO_Label=D2_DigiPot_WLAT
PD10.Locked=true
PD10.Signal=GPIO_Output
PD11.GPIOParameters=GPIO_Label
PD11.GPIO_Label=D2_DigiPot_SHDN
PD11.Locked=true
PD11.Signal=GPIO_Output
PD3.Mode=Slave_8_bits_External_Synchro
PD3.Signal=DCMI_D5
PD8.GPIOParameters=GPIO_Label
PD8.GPIO_Label=D1_DigiPot_WLAT
PD8.Locked=true
PD8.Signal=GPIO_Output
PD9.GPIOParameters=GPIO_Label
PD9.GPIO_Label=D1_DigiPot_SHDN
PD9.Locked=true
PD9.Signal=GPIO_Output
PE11.Signal=S_TIM1_CH2
PE13.Signal=S_TIM1_CH3
PE14.Signal=S_TIM1_CH4
PE4.Mode=Slave_8_bits_External_Synchro
PE4.Signal=DCMI_D4
PE5.Signal=S_TIM9_CH1
PE6.Signal=S_TIM9_CH2
PE7.GPIOParameters=GPIO_Label
PE7.GPIO_Label=Motor1_nFAULT
PE7.Locked=true
PE7.Signal=GPIO_Input
PE8.GPIOParameters=GPIO_Label
PE8.GPIO_Label=Motor1_IMODE
PE8.Locked=true
PE8.Signal=GPIO_Output
PE9.Signal=S_TIM1_CH1
PF0.Mode=I2C
PF0.Signal=I2C2_SDA
PF1.Mode=I2C
PF1.Signal=I2C2_SCL
PF10.GPIOParameters=GPIO_Label
PF10.GPIO_Label=Driver_Current_Limit_CS2
PF10.Locked=true
PF10.Signal=GPIO_Output
PF11.GPIOParameters=GPIO_Label
PF11.GPIO_Label=Motor2_nSLEEP
PF11.Locked=true
PF11.Signal=GPIO_Output
PF12.GPIOParameters=GPIO_Label
PF12.GPIO_Label=Motor2_PMODE
PF12.Locked=true
PF12.Signal=GPIO_Output
PF13.GPIOParameters=GPIO_Label
PF13.GPIO_Label=Motor2_nFAULT
PF13.Locked=true
PF13.Signal=GPIO_Input
PF14.GPIOParameters=GPIO_Label
PF14.GPIO_Label=Motor1_nSLEEP
PF14.Locked=true
PF14.Signal=GPIO_Output
PF15.GPIOParameters=GPIO_Label
PF15.GPIO_Label=Motor1_PMODE
PF15.Locked=true
PF15.Signal=GPIO_Output
PF2.Locked=true
PF2.Signal=GPIO_Input
PF3.Locked=true
PF3.Signal=GPIO_Input
PF4.Locked=true
PF4.Signal=GPIO_Input
PF5.Locked=true
PF5.Signal=GPIO_Input
PF6.Signal=S_TIM10_CH1
PF7.Locked=true
PF7.Signal=GPIO_Input
PF8.Locked=true
PF8.Signal=GPIO_Input
PF9.GPIOParameters=GPIO_Label
PF9.GPIO_Label=Driver_Current_Limit_CS1
PF9.Locked=true
PF9.Signal=GPIO_Output
PG0.GPIOParameters=GPIO_Label
PG0.GPIO_Label=Rotary_SW
PG0.Locked=true
PG0.Signal=GPIO_Input
PG1.GPIOParameters=GPIO_Label
PG1.GPIO_Label=Rotary_CLK
PG1.Locked=true
PG1.Signal=GPIO_Input
PG10.GPIOParameters=GPIO_Label
PG10.GPIO_Label=IR_SEL0
PG10.Locked=true
PG10.Signal=GPIO_Output
PG11.GPIOParameters=GPIO_Label
PG11.GPIO_Label=IR_SEL1
PG11.Locked=true
PG11.Signal=GPIO_Output
PG12.GPIOParameters=GPIO_Label
PG12.GPIO_Label=IR_SEL2
PG12.Locked=true
PG12.Signal=GPIO_Output
PG13.GPIOParameters=GPIO_Label
PG13.GPIO_Label=WP
PG13.Locked=true
PG13.Signal=GPIO_Output
PG14.GPIOParameters=GPIO_Label
PG14.GPIO_Label=Battery_Overcurrent
PG14.Locked=true
PG14.Signal=GPIO_Input
PG2.GPIOParameters=GPIO_Label
PG2.GPIO_Label=Rotary_DT
PG2.Locked=true
PG2.Signal=GPIO_Input
PG3.GPIOParameters=GPIO_Label
PG3.GPIO_Label=LEFT_ENC1
PG3.Locked=true
PG3.Signal=GPIO_Input
PG4.GPIOParameters=GPIO_Label
PG4.GPIO_Label=LEFT_ENC2
PG4.Locked=true
PG4.Signal=GPIO_Input
PG5.GPIOParameters=GPIO_Label
PG5.GPIO_Label=RIGHT_ENC1
PG5.Locked=true
PG5.Signal=GPIO_Input
PG6.GPIOParameters=GPIO_Label
PG6.GPIO_Label=RIGHT_ENC2
PG6.Locked=true
PG6.Signal=GPIO_Input
PG9.Mode=Slave_8_bits_External_Synchro
PG9.Signal=DCMI_VSYNC
PH0/OSC_IN.Mode=HSE-External-Oscillator
PH0/OSC_IN.Signal=RCC_OSC_IN
PH1/OSC_OUT.Mode=HSE-External-Oscillator
PH1/OSC_OUT.Signal=RCC_OSC_OUT
PH2.GPIOParameters=GPIO_Label
PH2.GPIO_Label=OLED_EN
PH2.Locked=true
PH2.Signal=GPIO_Output
PH3.GPIOParameters=GPIO_Label
PH3.GPIO_Label=Ultra_EN
PH3.Locked=true
PH3.Signal=GPIO_Output
PH4.GPIOParameters=GPIO_Label
PH4.GPIO_Label=IR_EN
PH4.Locked=true
PH4.Signal=GPIO_Output
PH5.GPIOParameters=GPIO_Label
PH5.GPIO_Label=RPi_EN
PH5.Locked=true
PH5.Signal=GPIO_Output
PH6.GPIOParameters=GPIO_Label
PH6.GPIO_Label=Camera_EN
PH6.Locked=true
PH6.Signal=GPIO_Output
PH7.GPIOParameters=GPIO_Label
PH7.GPIO_Label=LoRa_EN
PH7.Locked=true
PH7.Signal=GPIO_Output
PI0.GPIOParameters=GPIO_Label
PI0.GPIO_Label=Ultra1_TRIG
PI0.Locked=true
PI0.Signal=GPIO_Output
PI1.GPIOParameters=GPIO_Label
PI1.GPIO_Label=Ultra1_ECHO
PI1.Locked=true
PI1.Signal=GPIO_Input
PI3.GPIOParameters=GPIO_Label
PI3.GPIO_Label=Ultra2_TRIG
PI3.Locked=true
PI3.Signal=GPIO_Output
PI4.GPIOParameters=GPIO_Label
PI4.GPIO_Label=Ultra2_ECHO
PI4.Locked=true
PI4.Signal=GPIO_Input
PI5.GPIOParameters=GPIO_Label
PI5.GPIO_Label=Ultra3_TRIG
PI5.Locked=true
PI5.Signal=GPIO_Output
PI6.GPIOParameters=GPIO_Label
PI6.GPIO_Label=Ultra3_ECHO
PI6.Locked=true
PI6.Signal=GPIO_Input
PI7.GPIOParameters=GPIO_Label
PI7.GPIO_Label=Ultra4_TRIG
PI7.Locked=true
PI7.Signal=GPIO_Output
PI8.GPIOParameters=GPIO_Label
PI8.GPIO_Label=Ultra4_ECHO
PI8.Locked=true
PI8.Signal=GPIO_Input
PinOutPanel.RotationAngle=0
ProjectManager.AskForMigrate=true
ProjectManager.BackupPrevious=false
ProjectManager.CompilerOptimize=6
ProjectManager.ComputerToolchain=false
ProjectManager.CoupleFile=true
ProjectManager.CustomerFirmwarePackage=
ProjectManager.DefaultFWLocation=true
ProjectManager.DeletePrevious=true
ProjectManager.DeviceId=STM32F469IITx
ProjectManager.FirmwarePackage=STM32Cube FW_F4 V1.24.1
ProjectManager.FreePins=false
ProjectManager.HalAssertFull=false
ProjectManager.HeapSize=0x200
ProjectManager.KeepUserCode=true
ProjectManager.LastFirmware=true
ProjectManager.LibraryCopy=2
ProjectManager.MainLocation=Src
ProjectManager.NoMain=false
ProjectManager.PreviousToolchain=
ProjectManager.ProjectBuild=false
ProjectManager.ProjectFileName=Dora.ioc
ProjectManager.ProjectName=Dora
ProjectManager.StackSize=0x400
ProjectManager.TargetToolchain=STM32CubeIDE
ProjectManager.ToolChainLocation=
ProjectManager.UnderRoot=true
ProjectManager.functionlistsort=1-MX_GPIO_Init-GPIO-false-HAL-true,2-SystemClock_Config-RCC-false-HAL-false,3-MX_DCMI_Init-DCMI-false-HAL-true,4-MX_ADC1_Init-ADC1-false-HAL-true,5-MX_TIM1_Init-TIM1-false-HAL-true,6-MX_TIM2_Init-TIM2-false-HAL-true,7-MX_TIM9_Init-TIM9-false-HAL-true,8-MX_TIM10_Init-TIM10-false-HAL-true,9-MX_USART1_UART_Init-USART1-false-HAL-true,10-MX_I2C1_Init-I2C1-false-HAL-true,11-MX_I2C2_Init-I2C2-false-HAL-true,12-MX_SPI2_Init-SPI2-false-HAL-true
RCC.AHBFreq_Value=180000000
RCC.APB1CLKDivider=RCC_HCLK_DIV4
RCC.APB1Freq_Value=45000000
RCC.APB1TimFreq_Value=90000000
RCC.APB2CLKDivider=RCC_HCLK_DIV2
RCC.APB2Freq_Value=90000000
RCC.APB2TimFreq_Value=180000000
RCC.CortexFreq_Value=180000000
RCC.DSIFreq_Value=62500000
RCC.DSITXEscFreq_Value=15625000
RCC.EthernetFreq_Value=180000000
RCC.FCLKCortexFreq_Value=180000000
RCC.FamilyName=M
RCC.HCLKFreq_Value=180000000
RCC.I2SFreq_Value=160000000
RCC.IPParameters=AHBFreq_Value,APB1CLKDivider,APB1Freq_Value,APB1TimFreq_Value,APB2CLKDivider,APB2Freq_Value,APB2TimFreq_Value,CortexFreq_Value,DSIFreq_Value,DSITXEscFreq_Value,EthernetFreq_Value,FCLKCortexFreq_Value,FamilyName,HCLKFreq_Value,I2SFreq_Value,LCDTFTFreq_Value,MCO2PinFreq_Value,PLLCLKFreq_Value,PLLDSIVCOFreq_Value,PLLI2SQCLKFreq_Value,PLLI2SRCLKFreq_Value,PLLM,PLLN,PLLQCLKFreq_Value,PLLRCLKFreq_Value,PLLRFreq_Value,PLLSAIPCLKFreq_Value,PLLSAIQCLKFreq_Value,PLLSAIRCLKFreq_Value,PLLSourceVirtual,RTCFreq_Value,RTCHSEDivFreq_Value,SAIAFreq_Value,SAIBFreq_Value,SDIOFreq_Value,SYSCLKFreq_VALUE,SYSCLKSource,USBFreq_Value,VCOI2SOutputFreq_Value,VCOInputFreq_Value,VCOOutputFreq_Value,VCOSAIOutputFreq_Value
RCC.LCDTFTFreq_Value=80000000
RCC.MCO2PinFreq_Value=180000000
RCC.PLLCLKFreq_Value=180000000
RCC.PLLDSIVCOFreq_Value=1000000000
RCC.PLLI2SQCLKFreq_Value=80000000
RCC.PLLI2SRCLKFreq_Value=160000000
RCC.PLLM=15
RCC.PLLN=216
RCC.PLLQCLKFreq_Value=90000000
RCC.PLLRCLKFreq_Value=180000000
RCC.PLLRFreq_Value=180000000
RCC.PLLSAIPCLKFreq_Value=160000000
RCC.PLLSAIQCLKFreq_Value=80000000
RCC.PLLSAIRCLKFreq_Value=160000000
RCC.PLLSourceVirtual=RCC_PLLSOURCE_HSE
RCC.RTCFreq_Value=32000
RCC.RTCHSEDivFreq_Value=12500000
RCC.SAIAFreq_Value=80000000
RCC.SAIBFreq_Value=80000000
RCC.SDIOFreq_Value=90000000
RCC.SYSCLKFreq_VALUE=180000000
RCC.SYSCLKSource=RCC_SYSCLKSOURCE_PLLCLK
RCC.USBFreq_Value=90000000
RCC.VCOI2SOutputFreq_Value=320000000
RCC.VCOInputFreq_Value=1666666.6666666667
RCC.VCOOutputFreq_Value=360000000
RCC.VCOSAIOutputFreq_Value=320000000
SH.ADCx_IN0.0=ADC1_IN0,IN0
SH.ADCx_IN0.ConfNb=1
SH.ADCx_IN10.0=ADC1_IN10,IN10
SH.ADCx_IN10.ConfNb=1
SH.ADCx_IN11.0=ADC1_IN11,IN11
SH.ADCx_IN11.ConfNb=1
SH.ADCx_IN12.0=ADC1_IN12,IN12
SH.ADCx_IN12.ConfNb=1
SH.ADCx_IN13.0=ADC1_IN13,IN13
SH.ADCx_IN13.ConfNb=1
SH.ADCx_IN14.0=ADC1_IN14,IN14
SH.ADCx_IN14.ConfNb=1
SH.ADCx_IN15.0=ADC1_IN15,IN15
SH.ADCx_IN15.ConfNb=1
SH.ADCx_IN2.0=ADC1_IN2,IN2
SH.ADCx_IN2.ConfNb=1
SH.ADCx_IN3.0=ADC1_IN3,IN3
SH.ADCx_IN3.ConfNb=1
SH.ADCx_IN7.0=ADC1_IN7,IN7
SH.ADCx_IN7.ConfNb=1
SH.ADCx_IN8.0=ADC1_IN8,IN8
SH.ADCx_IN8.ConfNb=1
SH.ADCx_IN9.0=ADC1_IN9,IN9
SH.ADCx_IN9.ConfNb=1
SH.S_TIM10_CH1.0=TIM10_CH1,PWM Generation1 CH1
SH.S_TIM10_CH1.ConfNb=1
SH.S_TIM1_CH1.0=TIM1_CH1,PWM Generation1 CH1
SH.S_TIM1_CH1.ConfNb=1
SH.S_TIM1_CH2.0=TIM1_CH2,PWM Generation2 CH2
SH.S_TIM1_CH2.ConfNb=1
SH.S_TIM1_CH3.0=TIM1_CH3,PWM Generation3 CH3
SH.S_TIM1_CH3.ConfNb=1
SH.S_TIM1_CH4.0=TIM1_CH4,Output Compare4 CH4
SH.S_TIM1_CH4.ConfNb=1
SH.S_TIM2_CH1_ETR.0=TIM2_CH1,PWM Generation1 CH1
SH.S_TIM2_CH1_ETR.ConfNb=1
SH.S_TIM2_CH2.0=TIM2_CH2,PWM Generation2 CH2
SH.S_TIM2_CH2.ConfNb=1
SH.S_TIM2_CH3.0=TIM2_CH3,PWM Generation3 CH3
SH.S_TIM2_CH3.ConfNb=1
SH.S_TIM2_CH4.0=TIM2_CH4,PWM Generation4 CH4
SH.S_TIM2_CH4.ConfNb=1
SH.S_TIM9_CH1.0=TIM9_CH1,PWM Generation1 CH1
SH.S_TIM9_CH1.ConfNb=1
SH.S_TIM9_CH2.0=TIM9_CH2,PWM Generation2 CH2
SH.S_TIM9_CH2.ConfNb=1
SPI2.CalculateBaudRate=22.5 MBits/s
SPI2.Direction=SPI_DIRECTION_2LINES
SPI2.IPParameters=VirtualType,Mode,Direction,CalculateBaudRate
SPI2.Mode=SPI_MODE_MASTER
SPI2.VirtualType=VM_MASTER
TIM1.Channel-Output\ Compare4\ CH4=TIM_CHANNEL_4
TIM1.Channel-PWM\ Generation1\ CH1=TIM_CHANNEL_1
TIM1.Channel-PWM\ Generation2\ CH2=TIM_CHANNEL_2
TIM1.Channel-PWM\ Generation3\ CH3=TIM_CHANNEL_3
TIM1.IPParameters=Channel-Output Compare4 CH4,Channel-PWM Generation3 CH3,Channel-PWM Generation2 CH2,Channel-PWM Generation1 CH1
TIM10.Channel=TIM_CHANNEL_1
TIM10.IPParameters=Channel
TIM2.Channel-PWM\ Generation1\ CH1=TIM_CHANNEL_1
TIM2.Channel-PWM\ Generation2\ CH2=TIM_CHANNEL_2
TIM2.Channel-PWM\ Generation3\ CH3=TIM_CHANNEL_3
TIM2.Channel-PWM\ Generation4\ CH4=TIM_CHANNEL_4
TIM2.IPParameters=Channel-PWM Generation1 CH1,Channel-PWM Generation2 CH2,Channel-PWM Generation4 CH4,Channel-PWM Generation3 CH3
TIM9.Channel-PWM\ Generation1\ CH1=TIM_CHANNEL_1
TIM9.Channel-PWM\ Generation2\ CH2=TIM_CHANNEL_2
TIM9.IPParameters=Channel-PWM Generation1 CH1,Channel-PWM Generation2 CH2
USART1.IPParameters=VirtualMode
USART1.VirtualMode=VM_ASYNC
VP_SYS_VS_Systick.Mode=SysTick
VP_SYS_VS_Systick.Signal=SYS_VS_Systick
VP_TIM10_VS_ClockSourceINT.Mode=Enable_Timer
VP_TIM10_VS_ClockSourceINT.Signal=TIM10_VS_ClockSourceINT
board=custom
isbadioc=false
